
Microsoft Visual Studio Solution File, Format Version 12.00
# Visual Studio 14
VisualStudioVersion = 14.0.25420.1
MinimumVisualStudioVersion = 10.0.40219.1
Project("{FAE04EC0-301F-11D3-BF4B-00C04F79EFBC}") = "FormsPortable", "FormsPortable\FormsPortable\FormsPortable.csproj", "{2564F62B-285E-42DA-A91E-E4FA4FD6CD6D}"
EndProject
Project("{FAE04EC0-301F-11D3-BF4B-00C04F79EFBC}") = "FormsPortable.Droid", "FormsPortable\FormsPortable.Droid\FormsPortable.Droid.csproj", "{71B2BBAD-D83B-4D42-946C-892A6D32AC07}"
EndProject
Project("{FAE04EC0-301F-11D3-BF4B-00C04F79EFBC}") = "FormsPortable.iOS", "FormsPortable\FormsPortable.iOS\FormsPortable.iOS.csproj", "{1C56976D-D294-42A8-818A-F8A431710C09}"
EndProject
Project("{FAE04EC0-301F-11D3-BF4B-00C04F79EFBC}") = "FormsPortable.WinPhone", "FormsPortable\FormsPortable.WinPhone\FormsPortable.WinPhone.csproj", "{C99E8D78-26D9-4B1E-A56C-BFD75FFA1249}"
EndProject
Project("{FAE04EC0-301F-11D3-BF4B-00C04F79EFBC}") = "FormsPortable.UWP", "FormsPortable\FormsPortable.UWP\FormsPortable.UWP.csproj", "{BA2D4BDA-E439-450E-835A-2489B91DC439}"
EndProject
Project("{FAE04EC0-301F-11D3-BF4B-00C04F79EFBC}") = "FormsPortable.Windows", "FormsPortable\FormsPortable.Windows\FormsPortable.Windows.csproj", "{5231F4D4-D3E6-47F1-838D-7EEDE40D13DA}"
EndProject
Global
	GlobalSection(SolutionConfigurationPlatforms) = preSolution
		Ad-Hoc|Any CPU = Ad-Hoc|Any CPU
		Ad-Hoc|ARM = Ad-Hoc|ARM
		Ad-Hoc|iPhone = Ad-Hoc|iPhone
		Ad-Hoc|iPhoneSimulator = Ad-Hoc|iPhoneSimulator
		Ad-Hoc|x64 = Ad-Hoc|x64
		Ad-Hoc|x86 = Ad-Hoc|x86
		AppStore|Any CPU = AppStore|Any CPU
		AppStore|ARM = AppStore|ARM
		AppStore|iPhone = AppStore|iPhone
		AppStore|iPhoneSimulator = AppStore|iPhoneSimulator
		AppStore|x64 = AppStore|x64
		AppStore|x86 = AppStore|x86
		Debug|Any CPU = Debug|Any CPU
		Debug|ARM = Debug|ARM
		Debug|iPhone = Debug|iPhone
		Debug|iPhoneSimulator = Debug|iPhoneSimulator
		Debug|x64 = Debug|x64
		Debug|x86 = Debug|x86
		Release|Any CPU = Release|Any CPU
		Release|ARM = Release|ARM
		Release|iPhone = Release|iPhone
		Release|iPhoneSimulator = Release|iPhoneSimulator
		Release|x64 = Release|x64
		Release|x86 = Release|x86
	EndGlobalSection
	GlobalSection(ProjectConfigurationPlatforms) = postSolution
		{2564F62B-285E-42DA-A91E-E4FA4FD6CD6D}.Ad-Hoc|Any CPU.ActiveCfg = Release|Any CPU
		{2564F62B-285E-42DA-A91E-E4FA4FD6CD6D}.Ad-Hoc|Any CPU.Build.0 = Release|Any CPU
		{2564F62B-285E-42DA-A91E-E4FA4FD6CD6D}.Ad-Hoc|ARM.ActiveCfg = Release|Any CPU
		{2564F62B-285E-42DA-A91E-E4FA4FD6CD6D}.Ad-Hoc|ARM.Build.0 = Release|Any CPU
		{2564F62B-285E-42DA-A91E-E4FA4FD6CD6D}.Ad-Hoc|iPhone.ActiveCfg = Release|Any CPU
		{2564F62B-285E-42DA-A91E-E4FA4FD6CD6D}.Ad-Hoc|iPhone.Build.0 = Release|Any CPU
		{2564F62B-285E-42DA-A91E-E4FA4FD6CD6D}.Ad-Hoc|iPhoneSimulator.ActiveCfg = Release|Any CPU
		{2564F62B-285E-42DA-A91E-E4FA4FD6CD6D}.Ad-Hoc|iPhoneSimulator.Build.0 = Release|Any CPU
		{2564F62B-285E-42DA-A91E-E4FA4FD6CD6D}.Ad-Hoc|x64.ActiveCfg = Release|Any CPU
		{2564F62B-285E-42DA-A91E-E4FA4FD6CD6D}.Ad-Hoc|x64.Build.0 = Release|Any CPU
		{2564F62B-285E-42DA-A91E-E4FA4FD6CD6D}.Ad-Hoc|x86.ActiveCfg = Release|Any CPU
		{2564F62B-285E-42DA-A91E-E4FA4FD6CD6D}.Ad-Hoc|x86.Build.0 = Release|Any CPU
		{2564F62B-285E-42DA-A91E-E4FA4FD6CD6D}.AppStore|Any CPU.ActiveCfg = Release|Any CPU
		{2564F62B-285E-42DA-A91E-E4FA4FD6CD6D}.AppStore|Any CPU.Build.0 = Release|Any CPU
		{2564F62B-285E-42DA-A91E-E4FA4FD6CD6D}.AppStore|ARM.ActiveCfg = Release|Any CPU
		{2564F62B-285E-42DA-A91E-E4FA4FD6CD6D}.AppStore|ARM.Build.0 = Release|Any CPU
		{2564F62B-285E-42DA-A91E-E4FA4FD6CD6D}.AppStore|iPhone.ActiveCfg = Release|Any CPU
		{2564F62B-285E-42DA-A91E-E4FA4FD6CD6D}.AppStore|iPhone.Build.0 = Release|Any CPU
		{2564F62B-285E-42DA-A91E-E4FA4FD6CD6D}.AppStore|iPhoneSimulator.ActiveCfg = Release|Any CPU
		{2564F62B-285E-42DA-A91E-E4FA4FD6CD6D}.AppStore|iPhoneSimulator.Build.0 = Release|Any CPU
		{2564F62B-285E-42DA-A91E-E4FA4FD6CD6D}.AppStore|x64.ActiveCfg = Release|Any CPU
		{2564F62B-285E-42DA-A91E-E4FA4FD6CD6D}.AppStore|x64.Build.0 = Release|Any CPU
		{2564F62B-285E-42DA-A91E-E4FA4FD6CD6D}.AppStore|x86.ActiveCfg = Release|Any CPU
		{2564F62B-285E-42DA-A91E-E4FA4FD6CD6D}.AppStore|x86.Build.0 = Release|Any CPU
		{2564F62B-285E-42DA-A91E-E4FA4FD6CD6D}.Debug|Any CPU.ActiveCfg = Debug|Any CPU
		{2564F62B-285E-42DA-A91E-E4FA4FD6CD6D}.Debug|Any CPU.Build.0 = Debug|Any CPU
		{2564F62B-285E-42DA-A91E-E4FA4FD6CD6D}.Debug|ARM.ActiveCfg = Debug|Any CPU
		{2564F62B-285E-42DA-A91E-E4FA4FD6CD6D}.Debug|ARM.Build.0 = Debug|Any CPU
		{2564F62B-285E-42DA-A91E-E4FA4FD6CD6D}.Debug|iPhone.ActiveCfg = Debug|Any CPU
		{2564F62B-285E-42DA-A91E-E4FA4FD6CD6D}.Debug|iPhone.Build.0 = Debug|Any CPU
		{2564F62B-285E-42DA-A91E-E4FA4FD6CD6D}.Debug|iPhoneSimulator.ActiveCfg = Debug|Any CPU
		{2564F62B-285E-42DA-A91E-E4FA4FD6CD6D}.Debug|iPhoneSimulator.Build.0 = Debug|Any CPU
		{2564F62B-285E-42DA-A91E-E4FA4FD6CD6D}.Debug|x64.ActiveCfg = Debug|Any CPU
		{2564F62B-285E-42DA-A91E-E4FA4FD6CD6D}.Debug|x64.Build.0 = Debug|Any CPU
		{2564F62B-285E-42DA-A91E-E4FA4FD6CD6D}.Debug|x86.ActiveCfg = Debug|Any CPU
		{2564F62B-285E-42DA-A91E-E4FA4FD6CD6D}.Debug|x86.Build.0 = Debug|Any CPU
		{2564F62B-285E-42DA-A91E-E4FA4FD6CD6D}.Release|Any CPU.ActiveCfg = Release|Any CPU
		{2564F62B-285E-42DA-A91E-E4FA4FD6CD6D}.Release|Any CPU.Build.0 = Release|Any CPU
		{2564F62B-285E-42DA-A91E-E4FA4FD6CD6D}.Release|ARM.ActiveCfg = Release|Any CPU
		{2564F62B-285E-42DA-A91E-E4FA4FD6CD6D}.Release|ARM.Build.0 = Release|Any CPU
		{2564F62B-285E-42DA-A91E-E4FA4FD6CD6D}.Release|iPhone.ActiveCfg = Release|Any CPU
		{2564F62B-285E-42DA-A91E-E4FA4FD6CD6D}.Release|iPhone.Build.0 = Release|Any CPU
		{2564F62B-285E-42DA-A91E-E4FA4FD6CD6D}.Release|iPhoneSimulator.ActiveCfg = Release|Any CPU
		{2564F62B-285E-42DA-A91E-E4FA4FD6CD6D}.Release|iPhoneSimulator.Build.0 = Release|Any CPU
		{2564F62B-285E-42DA-A91E-E4FA4FD6CD6D}.Release|x64.ActiveCfg = Release|Any CPU
		{2564F62B-285E-42DA-A91E-E4FA4FD6CD6D}.Release|x64.Build.0 = Release|Any CPU
		{2564F62B-285E-42DA-A91E-E4FA4FD6CD6D}.Release|x86.ActiveCfg = Release|Any CPU
		{2564F62B-285E-42DA-A91E-E4FA4FD6CD6D}.Release|x86.Build.0 = Release|Any CPU
		{71B2BBAD-D83B-4D42-946C-892A6D32AC07}.Ad-Hoc|Any CPU.ActiveCfg = Release|Any CPU
		{71B2BBAD-D83B-4D42-946C-892A6D32AC07}.Ad-Hoc|Any CPU.Build.0 = Release|Any CPU
		{71B2BBAD-D83B-4D42-946C-892A6D32AC07}.Ad-Hoc|Any CPU.Deploy.0 = Release|Any CPU
		{71B2BBAD-D83B-4D42-946C-892A6D32AC07}.Ad-Hoc|ARM.ActiveCfg = Release|Any CPU
		{71B2BBAD-D83B-4D42-946C-892A6D32AC07}.Ad-Hoc|ARM.Build.0 = Release|Any CPU
		{71B2BBAD-D83B-4D42-946C-892A6D32AC07}.Ad-Hoc|ARM.Deploy.0 = Release|Any CPU
		{71B2BBAD-D83B-4D42-946C-892A6D32AC07}.Ad-Hoc|iPhone.ActiveCfg = Release|Any CPU
		{71B2BBAD-D83B-4D42-946C-892A6D32AC07}.Ad-Hoc|iPhone.Build.0 = Release|Any CPU
		{71B2BBAD-D83B-4D42-946C-892A6D32AC07}.Ad-Hoc|iPhone.Deploy.0 = Release|Any CPU
		{71B2BBAD-D83B-4D42-946C-892A6D32AC07}.Ad-Hoc|iPhoneSimulator.ActiveCfg = Release|Any CPU
		{71B2BBAD-D83B-4D42-946C-892A6D32AC07}.Ad-Hoc|iPhoneSimulator.Build.0 = Release|Any CPU
		{71B2BBAD-D83B-4D42-946C-892A6D32AC07}.Ad-Hoc|iPhoneSimulator.Deploy.0 = Release|Any CPU
		{71B2BBAD-D83B-4D42-946C-892A6D32AC07}.Ad-Hoc|x64.ActiveCfg = Release|Any CPU
		{71B2BBAD-D83B-4D42-946C-892A6D32AC07}.Ad-Hoc|x64.Build.0 = Release|Any CPU
		{71B2BBAD-D83B-4D42-946C-892A6D32AC07}.Ad-Hoc|x64.Deploy.0 = Release|Any CPU
		{71B2BBAD-D83B-4D42-946C-892A6D32AC07}.Ad-Hoc|x86.ActiveCfg = Release|Any CPU
		{71B2BBAD-D83B-4D42-946C-892A6D32AC07}.Ad-Hoc|x86.Build.0 = Release|Any CPU
		{71B2BBAD-D83B-4D42-946C-892A6D32AC07}.Ad-Hoc|x86.Deploy.0 = Release|Any CPU
		{71B2BBAD-D83B-4D42-946C-892A6D32AC07}.AppStore|Any CPU.ActiveCfg = Release|Any CPU
		{71B2BBAD-D83B-4D42-946C-892A6D32AC07}.AppStore|Any CPU.Build.0 = Release|Any CPU
		{71B2BBAD-D83B-4D42-946C-892A6D32AC07}.AppStore|Any CPU.Deploy.0 = Release|Any CPU
		{71B2BBAD-D83B-4D42-946C-892A6D32AC07}.AppStore|ARM.ActiveCfg = Release|Any CPU
		{71B2BBAD-D83B-4D42-946C-892A6D32AC07}.AppStore|ARM.Build.0 = Release|Any CPU
		{71B2BBAD-D83B-4D42-946C-892A6D32AC07}.AppStore|ARM.Deploy.0 = Release|Any CPU
		{71B2BBAD-D83B-4D42-946C-892A6D32AC07}.AppStore|iPhone.ActiveCfg = Release|Any CPU
		{71B2BBAD-D83B-4D42-946C-892A6D32AC07}.AppStore|iPhone.Build.0 = Release|Any CPU
		{71B2BBAD-D83B-4D42-946C-892A6D32AC07}.AppStore|iPhone.Deploy.0 = Release|Any CPU
		{71B2BBAD-D83B-4D42-946C-892A6D32AC07}.AppStore|iPhoneSimulator.ActiveCfg = Release|Any CPU
		{71B2BBAD-D83B-4D42-946C-892A6D32AC07}.AppStore|iPhoneSimulator.Build.0 = Release|Any CPU
		{71B2BBAD-D83B-4D42-946C-892A6D32AC07}.AppStore|iPhoneSimulator.Deploy.0 = Release|Any CPU
		{71B2BBAD-D83B-4D42-946C-892A6D32AC07}.AppStore|x64.ActiveCfg = Release|Any CPU
		{71B2BBAD-D83B-4D42-946C-892A6D32AC07}.AppStore|x64.Build.0 = Release|Any CPU
		{71B2BBAD-D83B-4D42-946C-892A6D32AC07}.AppStore|x64.Deploy.0 = Release|Any CPU
		{71B2BBAD-D83B-4D42-946C-892A6D32AC07}.AppStore|x86.ActiveCfg = Release|Any CPU
		{71B2BBAD-D83B-4D42-946C-892A6D32AC07}.AppStore|x86.Build.0 = Release|Any CPU
		{71B2BBAD-D83B-4D42-946C-892A6D32AC07}.AppStore|x86.Deploy.0 = Release|Any CPU
		{71B2BBAD-D83B-4D42-946C-892A6D32AC07}.Debug|Any CPU.ActiveCfg = Debug|Any CPU
		{71B2BBAD-D83B-4D42-946C-892A6D32AC07}.Debug|Any CPU.Build.0 = Debug|Any CPU
		{71B2BBAD-D83B-4D42-946C-892A6D32AC07}.Debug|Any CPU.Deploy.0 = Debug|Any CPU
		{71B2BBAD-D83B-4D42-946C-892A6D32AC07}.Debug|ARM.ActiveCfg = Debug|Any CPU
		{71B2BBAD-D83B-4D42-946C-892A6D32AC07}.Debug|ARM.Build.0 = Debug|Any CPU
		{71B2BBAD-D83B-4D42-946C-892A6D32AC07}.Debug|ARM.Deploy.0 = Debug|Any CPU
		{71B2BBAD-D83B-4D42-946C-892A6D32AC07}.Debug|iPhone.ActiveCfg = Debug|Any CPU
		{71B2BBAD-D83B-4D42-946C-892A6D32AC07}.Debug|iPhone.Build.0 = Debug|Any CPU
		{71B2BBAD-D83B-4D42-946C-892A6D32AC07}.Debug|iPhone.Deploy.0 = Debug|Any CPU
		{71B2BBAD-D83B-4D42-946C-892A6D32AC07}.Debug|iPhoneSimulator.ActiveCfg = Debug|Any CPU
		{71B2BBAD-D83B-4D42-946C-892A6D32AC07}.Debug|iPhoneSimulator.Build.0 = Debug|Any CPU
		{71B2BBAD-D83B-4D42-946C-892A6D32AC07}.Debug|iPhoneSimulator.Deploy.0 = Debug|Any CPU
		{71B2BBAD-D83B-4D42-946C-892A6D32AC07}.Debug|x64.ActiveCfg = Debug|Any CPU
		{71B2BBAD-D83B-4D42-946C-892A6D32AC07}.Debug|x64.Build.0 = Debug|Any CPU
		{71B2BBAD-D83B-4D42-946C-892A6D32AC07}.Debug|x64.Deploy.0 = Debug|Any CPU
		{71B2BBAD-D83B-4D42-946C-892A6D32AC07}.Debug|x86.ActiveCfg = Debug|Any CPU
		{71B2BBAD-D83B-4D42-946C-892A6D32AC07}.Debug|x86.Build.0 = Debug|Any CPU
		{71B2BBAD-D83B-4D42-946C-892A6D32AC07}.Debug|x86.Deploy.0 = Debug|Any CPU
		{71B2BBAD-D83B-4D42-946C-892A6D32AC07}.Release|Any CPU.ActiveCfg = Release|Any CPU
		{71B2BBAD-D83B-4D42-946C-892A6D32AC07}.Release|Any CPU.Build.0 = Release|Any CPU
		{71B2BBAD-D83B-4D42-946C-892A6D32AC07}.Release|Any CPU.Deploy.0 = Release|Any CPU
		{71B2BBAD-D83B-4D42-946C-892A6D32AC07}.Release|ARM.ActiveCfg = Release|Any CPU
		{71B2BBAD-D83B-4D42-946C-892A6D32AC07}.Release|ARM.Build.0 = Release|Any CPU
		{71B2BBAD-D83B-4D42-946C-892A6D32AC07}.Release|ARM.Deploy.0 = Release|Any CPU
		{71B2BBAD-D83B-4D42-946C-892A6D32AC07}.Release|iPhone.ActiveCfg = Release|Any CPU
		{71B2BBAD-D83B-4D42-946C-892A6D32AC07}.Release|iPhone.Build.0 = Release|Any CPU
		{71B2BBAD-D83B-4D42-946C-892A6D32AC07}.Release|iPhone.Deploy.0 = Release|Any CPU
		{71B2BBAD-D83B-4D42-946C-892A6D32AC07}.Release|iPhoneSimulator.ActiveCfg = Release|Any CPU
		{71B2BBAD-D83B-4D42-946C-892A6D32AC07}.Release|iPhoneSimulator.Build.0 = Release|Any CPU
		{71B2BBAD-D83B-4D42-946C-892A6D32AC07}.Release|iPhoneSimulator.Deploy.0 = Release|Any CPU
		{71B2BBAD-D83B-4D42-946C-892A6D32AC07}.Release|x64.ActiveCfg = Release|Any CPU
		{71B2BBAD-D83B-4D42-946C-892A6D32AC07}.Release|x64.Build.0 = Release|Any CPU
		{71B2BBAD-D83B-4D42-946C-892A6D32AC07}.Release|x64.Deploy.0 = Release|Any CPU
		{71B2BBAD-D83B-4D42-946C-892A6D32AC07}.Release|x86.ActiveCfg = Release|Any CPU
		{71B2BBAD-D83B-4D42-946C-892A6D32AC07}.Release|x86.Build.0 = Release|Any CPU
		{71B2BBAD-D83B-4D42-946C-892A6D32AC07}.Release|x86.Deploy.0 = Release|Any CPU
		{1C56976D-D294-42A8-818A-F8A431710C09}.Ad-Hoc|Any CPU.ActiveCfg = Ad-Hoc|iPhone
		{1C56976D-D294-42A8-818A-F8A431710C09}.Ad-Hoc|ARM.ActiveCfg = Ad-Hoc|iPhone
		{1C56976D-D294-42A8-818A-F8A431710C09}.Ad-Hoc|iPhone.ActiveCfg = Ad-Hoc|iPhone
		{1C56976D-D294-42A8-818A-F8A431710C09}.Ad-Hoc|iPhone.Build.0 = Ad-Hoc|iPhone
		{1C56976D-D294-42A8-818A-F8A431710C09}.Ad-Hoc|iPhoneSimulator.ActiveCfg = Ad-Hoc|iPhoneSimulator
		{1C56976D-D294-42A8-818A-F8A431710C09}.Ad-Hoc|iPhoneSimulator.Build.0 = Ad-Hoc|iPhoneSimulator
		{1C56976D-D294-42A8-818A-F8A431710C09}.Ad-Hoc|x64.ActiveCfg = Ad-Hoc|iPhone
		{1C56976D-D294-42A8-818A-F8A431710C09}.Ad-Hoc|x86.ActiveCfg = Ad-Hoc|iPhone
		{1C56976D-D294-42A8-818A-F8A431710C09}.AppStore|Any CPU.ActiveCfg = AppStore|iPhone
		{1C56976D-D294-42A8-818A-F8A431710C09}.AppStore|ARM.ActiveCfg = AppStore|iPhone
		{1C56976D-D294-42A8-818A-F8A431710C09}.AppStore|iPhone.ActiveCfg = AppStore|iPhone
		{1C56976D-D294-42A8-818A-F8A431710C09}.AppStore|iPhone.Build.0 = AppStore|iPhone
		{1C56976D-D294-42A8-818A-F8A431710C09}.AppStore|iPhoneSimulator.ActiveCfg = AppStore|iPhoneSimulator
		{1C56976D-D294-42A8-818A-F8A431710C09}.AppStore|iPhoneSimulator.Build.0 = AppStore|iPhoneSimulator
		{1C56976D-D294-42A8-818A-F8A431710C09}.AppStore|x64.ActiveCfg = AppStore|iPhone
		{1C56976D-D294-42A8-818A-F8A431710C09}.AppStore|x86.ActiveCfg = AppStore|iPhone
		{1C56976D-D294-42A8-818A-F8A431710C09}.Debug|Any CPU.ActiveCfg = Debug|iPhone
		{1C56976D-D294-42A8-818A-F8A431710C09}.Debug|ARM.ActiveCfg = Debug|iPhone
		{1C56976D-D294-42A8-818A-F8A431710C09}.Debug|iPhone.ActiveCfg = Debug|iPhone
		{1C56976D-D294-42A8-818A-F8A431710C09}.Debug|iPhone.Build.0 = Debug|iPhone
		{1C56976D-D294-42A8-818A-F8A431710C09}.Debug|iPhoneSimulator.ActiveCfg = Debug|iPhoneSimulator
		{1C56976D-D294-42A8-818A-F8A431710C09}.Debug|iPhoneSimulator.Build.0 = Debug|iPhoneSimulator
		{1C56976D-D294-42A8-818A-F8A431710C09}.Debug|x64.ActiveCfg = Debug|iPhone
		{1C56976D-D294-42A8-818A-F8A431710C09}.Debug|x86.ActiveCfg = Debug|iPhone
		{1C56976D-D294-42A8-818A-F8A431710C09}.Release|Any CPU.ActiveCfg = Release|iPhone
		{1C56976D-D294-42A8-818A-F8A431710C09}.Release|ARM.ActiveCfg = Release|iPhone
		{1C56976D-D294-42A8-818A-F8A431710C09}.Release|iPhone.ActiveCfg = Release|iPhone
		{1C56976D-D294-42A8-818A-F8A431710C09}.Release|iPhone.Build.0 = Release|iPhone
		{1C56976D-D294-42A8-818A-F8A431710C09}.Release|iPhoneSimulator.ActiveCfg = Release|iPhoneSimulator
		{1C56976D-D294-42A8-818A-F8A431710C09}.Release|iPhoneSimulator.Build.0 = Release|iPhoneSimulator
		{1C56976D-D294-42A8-818A-F8A431710C09}.Release|x64.ActiveCfg = Release|iPhone
		{1C56976D-D294-42A8-818A-F8A431710C09}.Release|x86.ActiveCfg = Release|iPhone
		{C99E8D78-26D9-4B1E-A56C-BFD75FFA1249}.Ad-Hoc|Any CPU.ActiveCfg = Release|Any CPU
		{C99E8D78-26D9-4B1E-A56C-BFD75FFA1249}.Ad-Hoc|Any CPU.Build.0 = Release|Any CPU
		{C99E8D78-26D9-4B1E-A56C-BFD75FFA1249}.Ad-Hoc|Any CPU.Deploy.0 = Release|Any CPU
		{C99E8D78-26D9-4B1E-A56C-BFD75FFA1249}.Ad-Hoc|ARM.ActiveCfg = Release|ARM
		{C99E8D78-26D9-4B1E-A56C-BFD75FFA1249}.Ad-Hoc|ARM.Build.0 = Release|ARM
		{C99E8D78-26D9-4B1E-A56C-BFD75FFA1249}.Ad-Hoc|ARM.Deploy.0 = Release|ARM
		{C99E8D78-26D9-4B1E-A56C-BFD75FFA1249}.Ad-Hoc|iPhone.ActiveCfg = Release|Any CPU
		{C99E8D78-26D9-4B1E-A56C-BFD75FFA1249}.Ad-Hoc|iPhone.Build.0 = Release|Any CPU
		{C99E8D78-26D9-4B1E-A56C-BFD75FFA1249}.Ad-Hoc|iPhone.Deploy.0 = Release|Any CPU
		{C99E8D78-26D9-4B1E-A56C-BFD75FFA1249}.Ad-Hoc|iPhoneSimulator.ActiveCfg = Release|Any CPU
		{C99E8D78-26D9-4B1E-A56C-BFD75FFA1249}.Ad-Hoc|iPhoneSimulator.Build.0 = Release|Any CPU
		{C99E8D78-26D9-4B1E-A56C-BFD75FFA1249}.Ad-Hoc|iPhoneSimulator.Deploy.0 = Release|Any CPU
		{C99E8D78-26D9-4B1E-A56C-BFD75FFA1249}.Ad-Hoc|x64.ActiveCfg = Release|Any CPU
		{C99E8D78-26D9-4B1E-A56C-BFD75FFA1249}.Ad-Hoc|x64.Build.0 = Release|Any CPU
		{C99E8D78-26D9-4B1E-A56C-BFD75FFA1249}.Ad-Hoc|x64.Deploy.0 = Release|Any CPU
		{C99E8D78-26D9-4B1E-A56C-BFD75FFA1249}.Ad-Hoc|x86.ActiveCfg = Release|x86
		{C99E8D78-26D9-4B1E-A56C-BFD75FFA1249}.Ad-Hoc|x86.Build.0 = Release|x86
		{C99E8D78-26D9-4B1E-A56C-BFD75FFA1249}.Ad-Hoc|x86.Deploy.0 = Release|x86
		{C99E8D78-26D9-4B1E-A56C-BFD75FFA1249}.AppStore|Any CPU.ActiveCfg = Release|Any CPU
		{C99E8D78-26D9-4B1E-A56C-BFD75FFA1249}.AppStore|Any CPU.Build.0 = Release|Any CPU
		{C99E8D78-26D9-4B1E-A56C-BFD75FFA1249}.AppStore|Any CPU.Deploy.0 = Release|Any CPU
		{C99E8D78-26D9-4B1E-A56C-BFD75FFA1249}.AppStore|ARM.ActiveCfg = Release|ARM
		{C99E8D78-26D9-4B1E-A56C-BFD75FFA1249}.AppStore|ARM.Build.0 = Release|ARM
		{C99E8D78-26D9-4B1E-A56C-BFD75FFA1249}.AppStore|ARM.Deploy.0 = Release|ARM
		{C99E8D78-26D9-4B1E-A56C-BFD75FFA1249}.AppStore|iPhone.ActiveCfg = Release|Any CPU
		{C99E8D78-26D9-4B1E-A56C-BFD75FFA1249}.AppStore|iPhone.Build.0 = Release|Any CPU
		{C99E8D78-26D9-4B1E-A56C-BFD75FFA1249}.AppStore|iPhone.Deploy.0 = Release|Any CPU
		{C99E8D78-26D9-4B1E-A56C-BFD75FFA1249}.AppStore|iPhoneSimulator.ActiveCfg = Release|Any CPU
		{C99E8D78-26D9-4B1E-A56C-BFD75FFA1249}.AppStore|iPhoneSimulator.Build.0 = Release|Any CPU
		{C99E8D78-26D9-4B1E-A56C-BFD75FFA1249}.AppStore|iPhoneSimulator.Deploy.0 = Release|Any CPU
		{C99E8D78-26D9-4B1E-A56C-BFD75FFA1249}.AppStore|x64.ActiveCfg = Release|Any CPU
		{C99E8D78-26D9-4B1E-A56C-BFD75FFA1249}.AppStore|x64.Build.0 = Release|Any CPU
		{C99E8D78-26D9-4B1E-A56C-BFD75FFA1249}.AppStore|x64.Deploy.0 = Release|Any CPU
		{C99E8D78-26D9-4B1E-A56C-BFD75FFA1249}.AppStore|x86.ActiveCfg = Release|x86
		{C99E8D78-26D9-4B1E-A56C-BFD75FFA1249}.AppStore|x86.Build.0 = Release|x86
		{C99E8D78-26D9-4B1E-A56C-BFD75FFA1249}.AppStore|x86.Deploy.0 = Release|x86
		{C99E8D78-26D9-4B1E-A56C-BFD75FFA1249}.Debug|Any CPU.ActiveCfg = Debug|Any CPU
		{C99E8D78-26D9-4B1E-A56C-BFD75FFA1249}.Debug|Any CPU.Build.0 = Debug|Any CPU
		{C99E8D78-26D9-4B1E-A56C-BFD75FFA1249}.Debug|Any CPU.Deploy.0 = Debug|Any CPU
		{C99E8D78-26D9-4B1E-A56C-BFD75FFA1249}.Debug|ARM.ActiveCfg = Debug|ARM
		{C99E8D78-26D9-4B1E-A56C-BFD75FFA1249}.Debug|ARM.Build.0 = Debug|ARM
		{C99E8D78-26D9-4B1E-A56C-BFD75FFA1249}.Debug|ARM.Deploy.0 = Debug|ARM
		{C99E8D78-26D9-4B1E-A56C-BFD75FFA1249}.Debug|iPhone.ActiveCfg = Debug|Any CPU
		{C99E8D78-26D9-4B1E-A56C-BFD75FFA1249}.Debug|iPhone.Build.0 = Debug|Any CPU
		{C99E8D78-26D9-4B1E-A56C-BFD75FFA1249}.Debug|iPhone.Deploy.0 = Debug|Any CPU
		{C99E8D78-26D9-4B1E-A56C-BFD75FFA1249}.Debug|iPhoneSimulator.ActiveCfg = Debug|Any CPU
		{C99E8D78-26D9-4B1E-A56C-BFD75FFA1249}.Debug|iPhoneSimulator.Build.0 = Debug|Any CPU
		{C99E8D78-26D9-4B1E-A56C-BFD75FFA1249}.Debug|iPhoneSimulator.Deploy.0 = Debug|Any CPU
		{C99E8D78-26D9-4B1E-A56C-BFD75FFA1249}.Debug|x64.ActiveCfg = Debug|Any CPU
		{C99E8D78-26D9-4B1E-A56C-BFD75FFA1249}.Debug|x64.Build.0 = Debug|Any CPU
		{C99E8D78-26D9-4B1E-A56C-BFD75FFA1249}.Debug|x64.Deploy.0 = Debug|Any CPU
		{C99E8D78-26D9-4B1E-A56C-BFD75FFA1249}.Debug|x86.ActiveCfg = Debug|x86
		{C99E8D78-26D9-4B1E-A56C-BFD75FFA1249}.Debug|x86.Build.0 = Debug|x86
		{C99E8D78-26D9-4B1E-A56C-BFD75FFA1249}.Debug|x86.Deploy.0 = Debug|x86
		{C99E8D78-26D9-4B1E-A56C-BFD75FFA1249}.Release|Any CPU.ActiveCfg = Release|Any CPU
		{C99E8D78-26D9-4B1E-A56C-BFD75FFA1249}.Release|Any CPU.Build.0 = Release|Any CPU
		{C99E8D78-26D9-4B1E-A56C-BFD75FFA1249}.Release|Any CPU.Deploy.0 = Release|Any CPU
		{C99E8D78-26D9-4B1E-A56C-BFD75FFA1249}.Release|ARM.ActiveCfg = Release|ARM
		{C99E8D78-26D9-4B1E-A56C-BFD75FFA1249}.Release|ARM.Build.0 = Release|ARM
		{C99E8D78-26D9-4B1E-A56C-BFD75FFA1249}.Release|ARM.Deploy.0 = Release|ARM
		{C99E8D78-26D9-4B1E-A56C-BFD75FFA1249}.Release|iPhone.ActiveCfg = Release|Any CPU
		{C99E8D78-26D9-4B1E-A56C-BFD75FFA1249}.Release|iPhone.Build.0 = Release|Any CPU
		{C99E8D78-26D9-4B1E-A56C-BFD75FFA1249}.Release|iPhone.Deploy.0 = Release|Any CPU
		{C99E8D78-26D9-4B1E-A56C-BFD75FFA1249}.Release|iPhoneSimulator.ActiveCfg = Release|Any CPU
		{C99E8D78-26D9-4B1E-A56C-BFD75FFA1249}.Release|iPhoneSimulator.Build.0 = Release|Any CPU
		{C99E8D78-26D9-4B1E-A56C-BFD75FFA1249}.Release|iPhoneSimulator.Deploy.0 = Release|Any CPU
		{C99E8D78-26D9-4B1E-A56C-BFD75FFA1249}.Release|x64.ActiveCfg = Release|Any CPU
		{C99E8D78-26D9-4B1E-A56C-BFD75FFA1249}.Release|x64.Build.0 = Release|Any CPU
		{C99E8D78-26D9-4B1E-A56C-BFD75FFA1249}.Release|x64.Deploy.0 = Release|Any CPU
		{C99E8D78-26D9-4B1E-A56C-BFD75FFA1249}.Release|x86.ActiveCfg = Release|x86
		{C99E8D78-26D9-4B1E-A56C-BFD75FFA1249}.Release|x86.Build.0 = Release|x86
		{C99E8D78-26D9-4B1E-A56C-BFD75FFA1249}.Release|x86.Deploy.0 = Release|x86
		{BA2D4BDA-E439-450E-835A-2489B91DC439}.Ad-Hoc|Any CPU.ActiveCfg = Release|x86
		{BA2D4BDA-E439-450E-835A-2489B91DC439}.Ad-Hoc|Any CPU.Build.0 = Release|x86
		{BA2D4BDA-E439-450E-835A-2489B91DC439}.Ad-Hoc|Any CPU.Deploy.0 = Release|x86
		{BA2D4BDA-E439-450E-835A-2489B91DC439}.Ad-Hoc|ARM.ActiveCfg = Release|ARM
		{BA2D4BDA-E439-450E-835A-2489B91DC439}.Ad-Hoc|ARM.Build.0 = Release|ARM
		{BA2D4BDA-E439-450E-835A-2489B91DC439}.Ad-Hoc|ARM.Deploy.0 = Release|ARM
		{BA2D4BDA-E439-450E-835A-2489B91DC439}.Ad-Hoc|iPhone.ActiveCfg = Release|x86
		{BA2D4BDA-E439-450E-835A-2489B91DC439}.Ad-Hoc|iPhone.Build.0 = Release|x86
		{BA2D4BDA-E439-450E-835A-2489B91DC439}.Ad-Hoc|iPhone.Deploy.0 = Release|x86
		{BA2D4BDA-E439-450E-835A-2489B91DC439}.Ad-Hoc|iPhoneSimulator.ActiveCfg = Release|x86
		{BA2D4BDA-E439-450E-835A-2489B91DC439}.Ad-Hoc|iPhoneSimulator.Build.0 = Release|x86
		{BA2D4BDA-E439-450E-835A-2489B91DC439}.Ad-Hoc|iPhoneSimulator.Deploy.0 = Release|x86
		{BA2D4BDA-E439-450E-835A-2489B91DC439}.Ad-Hoc|x64.ActiveCfg = Release|x64
		{BA2D4BDA-E439-450E-835A-2489B91DC439}.Ad-Hoc|x64.Build.0 = Release|x64
		{BA2D4BDA-E439-450E-835A-2489B91DC439}.Ad-Hoc|x64.Deploy.0 = Release|x64
		{BA2D4BDA-E439-450E-835A-2489B91DC439}.Ad-Hoc|x86.ActiveCfg = Release|x86
		{BA2D4BDA-E439-450E-835A-2489B91DC439}.Ad-Hoc|x86.Build.0 = Release|x86
		{BA2D4BDA-E439-450E-835A-2489B91DC439}.Ad-Hoc|x86.Deploy.0 = Release|x86
		{BA2D4BDA-E439-450E-835A-2489B91DC439}.AppStore|Any CPU.ActiveCfg = Release|x86
		{BA2D4BDA-E439-450E-835A-2489B91DC439}.AppStore|Any CPU.Build.0 = Release|x86
		{BA2D4BDA-E439-450E-835A-2489B91DC439}.AppStore|Any CPU.Deploy.0 = Release|x86
		{BA2D4BDA-E439-450E-835A-2489B91DC439}.AppStore|ARM.ActiveCfg = Release|ARM
		{BA2D4BDA-E439-450E-835A-2489B91DC439}.AppStore|ARM.Build.0 = Release|ARM
		{BA2D4BDA-E439-450E-835A-2489B91DC439}.AppStore|ARM.Deploy.0 = Release|ARM
		{BA2D4BDA-E439-450E-835A-2489B91DC439}.AppStore|iPhone.ActiveCfg = Release|x86
		{BA2D4BDA-E439-450E-835A-2489B91DC439}.AppStore|iPhone.Build.0 = Release|x86
		{BA2D4BDA-E439-450E-835A-2489B91DC439}.AppStore|iPhone.Deploy.0 = Release|x86
		{BA2D4BDA-E439-450E-835A-2489B91DC439}.AppStore|iPhoneSimulator.ActiveCfg = Release|x86
		{BA2D4BDA-E439-450E-835A-2489B91DC439}.AppStore|iPhoneSimulator.Build.0 = Release|x86
		{BA2D4BDA-E439-450E-835A-2489B91DC439}.AppStore|iPhoneSimulator.Deploy.0 = Release|x86
		{BA2D4BDA-E439-450E-835A-2489B91DC439}.AppStore|x64.ActiveCfg = Release|x64
		{BA2D4BDA-E439-450E-835A-2489B91DC439}.AppStore|x64.Build.0 = Release|x64
		{BA2D4BDA-E439-450E-835A-2489B91DC439}.AppStore|x64.Deploy.0 = Release|x64
		{BA2D4BDA-E439-450E-835A-2489B91DC439}.AppStore|x86.ActiveCfg = Release|x86
		{BA2D4BDA-E439-450E-835A-2489B91DC439}.AppStore|x86.Build.0 = Release|x86
		{BA2D4BDA-E439-450E-835A-2489B91DC439}.AppStore|x86.Deploy.0 = Release|x86
		{BA2D4BDA-E439-450E-835A-2489B91DC439}.Debug|Any CPU.ActiveCfg = Debug|x86
		{BA2D4BDA-E439-450E-835A-2489B91DC439}.Debug|ARM.ActiveCfg = Debug|ARM
		{BA2D4BDA-E439-450E-835A-2489B91DC439}.Debug|ARM.Build.0 = Debug|ARM
		{BA2D4BDA-E439-450E-835A-2489B91DC439}.Debug|ARM.Deploy.0 = Debug|ARM
		{BA2D4BDA-E439-450E-835A-2489B91DC439}.Debug|iPhone.ActiveCfg = Debug|x86
		{BA2D4BDA-E439-450E-835A-2489B91DC439}.Debug|iPhoneSimulator.ActiveCfg = Debug|x86
		{BA2D4BDA-E439-450E-835A-2489B91DC439}.Debug|x64.ActiveCfg = Debug|x64
		{BA2D4BDA-E439-450E-835A-2489B91DC439}.Debug|x64.Build.0 = Debug|x64
		{BA2D4BDA-E439-450E-835A-2489B91DC439}.Debug|x64.Deploy.0 = Debug|x64
		{BA2D4BDA-E439-450E-835A-2489B91DC439}.Debug|x86.ActiveCfg = Debug|x86
		{BA2D4BDA-E439-450E-835A-2489B91DC439}.Debug|x86.Build.0 = Debug|x86
		{BA2D4BDA-E439-450E-835A-2489B91DC439}.Debug|x86.Deploy.0 = Debug|x86
		{BA2D4BDA-E439-450E-835A-2489B91DC439}.Release|Any CPU.ActiveCfg = Release|x86
		{BA2D4BDA-E439-450E-835A-2489B91DC439}.Release|ARM.ActiveCfg = Release|ARM
		{BA2D4BDA-E439-450E-835A-2489B91DC439}.Release|ARM.Build.0 = Release|ARM
		{BA2D4BDA-E439-450E-835A-2489B91DC439}.Release|ARM.Deploy.0 = Release|ARM
		{BA2D4BDA-E439-450E-835A-2489B91DC439}.Release|iPhone.ActiveCfg = Release|x86
		{BA2D4BDA-E439-450E-835A-2489B91DC439}.Release|iPhoneSimulator.ActiveCfg = Release|x86
		{BA2D4BDA-E439-450E-835A-2489B91DC439}.Release|x64.ActiveCfg = Release|x64
		{BA2D4BDA-E439-450E-835A-2489B91DC439}.Release|x64.Build.0 = Release|x64
		{BA2D4BDA-E439-450E-835A-2489B91DC439}.Release|x64.Deploy.0 = Release|x64
		{BA2D4BDA-E439-450E-835A-2489B91DC439}.Release|x86.ActiveCfg = Release|x86
		{BA2D4BDA-E439-450E-835A-2489B91DC439}.Release|x86.Build.0 = Release|x86
		{BA2D4BDA-E439-450E-835A-2489B91DC439}.Release|x86.Deploy.0 = Release|x86
		{5231F4D4-D3E6-47F1-838D-7EEDE40D13DA}.Ad-Hoc|Any CPU.ActiveCfg = Release|Any CPU
		{5231F4D4-D3E6-47F1-838D-7EEDE40D13DA}.Ad-Hoc|Any CPU.Build.0 = Release|Any CPU
		{5231F4D4-D3E6-47F1-838D-7EEDE40D13DA}.Ad-Hoc|Any CPU.Deploy.0 = Release|Any CPU
		{5231F4D4-D3E6-47F1-838D-7EEDE40D13DA}.Ad-Hoc|ARM.ActiveCfg = Release|ARM
		{5231F4D4-D3E6-47F1-838D-7EEDE40D13DA}.Ad-Hoc|ARM.Build.0 = Release|ARM
		{5231F4D4-D3E6-47F1-838D-7EEDE40D13DA}.Ad-Hoc|ARM.Deploy.0 = Release|ARM
		{5231F4D4-D3E6-47F1-838D-7EEDE40D13DA}.Ad-Hoc|iPhone.ActiveCfg = Release|Any CPU
		{5231F4D4-D3E6-47F1-838D-7EEDE40D13DA}.Ad-Hoc|iPhone.Build.0 = Release|Any CPU
		{5231F4D4-D3E6-47F1-838D-7EEDE40D13DA}.Ad-Hoc|iPhone.Deploy.0 = Release|Any CPU
		{5231F4D4-D3E6-47F1-838D-7EEDE40D13DA}.Ad-Hoc|iPhoneSimulator.ActiveCfg = Release|Any CPU
		{5231F4D4-D3E6-47F1-838D-7EEDE40D13DA}.Ad-Hoc|iPhoneSimulator.Build.0 = Release|Any CPU
		{5231F4D4-D3E6-47F1-838D-7EEDE40D13DA}.Ad-Hoc|iPhoneSimulator.Deploy.0 = Release|Any CPU
		{5231F4D4-D3E6-47F1-838D-7EEDE40D13DA}.Ad-Hoc|x64.ActiveCfg = Release|x64
		{5231F4D4-D3E6-47F1-838D-7EEDE40D13DA}.Ad-Hoc|x64.Build.0 = Release|x64
		{5231F4D4-D3E6-47F1-838D-7EEDE40D13DA}.Ad-Hoc|x64.Deploy.0 = Release|x64
		{5231F4D4-D3E6-47F1-838D-7EEDE40D13DA}.Ad-Hoc|x86.ActiveCfg = Release|x86
		{5231F4D4-D3E6-47F1-838D-7EEDE40D13DA}.Ad-Hoc|x86.Build.0 = Release|x86
		{5231F4D4-D3E6-47F1-838D-7EEDE40D13DA}.Ad-Hoc|x86.Deploy.0 = Release|x86
		{5231F4D4-D3E6-47F1-838D-7EEDE40D13DA}.AppStore|Any CPU.ActiveCfg = Release|Any CPU
		{5231F4D4-D3E6-47F1-838D-7EEDE40D13DA}.AppStore|Any CPU.Build.0 = Release|Any CPU
		{5231F4D4-D3E6-47F1-838D-7EEDE40D13DA}.AppStore|Any CPU.Deploy.0 = Release|Any CPU
		{5231F4D4-D3E6-47F1-838D-7EEDE40D13DA}.AppStore|ARM.ActiveCfg = Release|ARM
		{5231F4D4-D3E6-47F1-838D-7EEDE40D13DA}.AppStore|ARM.Build.0 = Release|ARM
		{5231F4D4-D3E6-47F1-838D-7EEDE40D13DA}.AppStore|ARM.Deploy.0 = Release|ARM
		{5231F4D4-D3E6-47F1-838D-7EEDE40D13DA}.AppStore|iPhone.ActiveCfg = Release|Any CPU
		{5231F4D4-D3E6-47F1-838D-7EEDE40D13DA}.AppStore|iPhone.Build.0 = Release|Any CPU
		{5231F4D4-D3E6-47F1-838D-7EEDE40D13DA}.AppStore|iPhone.Deploy.0 = Release|Any CPU
		{5231F4D4-D3E6-47F1-838D-7EEDE40D13DA}.AppStore|iPhoneSimulator.ActiveCfg = Release|Any CPU
		{5231F4D4-D3E6-47F1-838D-7EEDE40D13DA}.AppStore|iPhoneSimulator.Build.0 = Release|Any CPU
		{5231F4D4-D3E6-47F1-838D-7EEDE40D13DA}.AppStore|iPhoneSimulator.Deploy.0 = Release|Any CPU
		{5231F4D4-D3E6-47F1-838D-7EEDE40D13DA}.AppStore|x64.ActiveCfg = Release|x64
		{5231F4D4-D3E6-47F1-838D-7EEDE40D13DA}.AppStore|x64.Build.0 = Release|x64
		{5231F4D4-D3E6-47F1-838D-7EEDE40D13DA}.AppStore|x64.Deploy.0 = Release|x64
		{5231F4D4-D3E6-47F1-838D-7EEDE40D13DA}.AppStore|x86.ActiveCfg = Release|x86
		{5231F4D4-D3E6-47F1-838D-7EEDE40D13DA}.AppStore|x86.Build.0 = Release|x86
		{5231F4D4-D3E6-47F1-838D-7EEDE40D13DA}.AppStore|x86.Deploy.0 = Release|x86
		{5231F4D4-D3E6-47F1-838D-7EEDE40D13DA}.Debug|Any CPU.ActiveCfg = Debug|Any CPU
		{5231F4D4-D3E6-47F1-838D-7EEDE40D13DA}.Debug|Any CPU.Build.0 = Debug|Any CPU
		{5231F4D4-D3E6-47F1-838D-7EEDE40D13DA}.Debug|Any CPU.Deploy.0 = Debug|Any CPU
		{5231F4D4-D3E6-47F1-838D-7EEDE40D13DA}.Debug|ARM.ActiveCfg = Debug|ARM
		{5231F4D4-D3E6-47F1-838D-7EEDE40D13DA}.Debug|ARM.Build.0 = Debug|ARM
		{5231F4D4-D3E6-47F1-838D-7EEDE40D13DA}.Debug|ARM.Deploy.0 = Debug|ARM
		{5231F4D4-D3E6-47F1-838D-7EEDE40D13DA}.Debug|iPhone.ActiveCfg = Debug|Any CPU
		{5231F4D4-D3E6-47F1-838D-7EEDE40D13DA}.Debug|iPhone.Build.0 = Debug|Any CPU
		{5231F4D4-D3E6-47F1-838D-7EEDE40D13DA}.Debug|iPhone.Deploy.0 = Debug|Any CPU
		{5231F4D4-D3E6-47F1-838D-7EEDE40D13DA}.Debug|iPhoneSimulator.ActiveCfg = Debug|Any CPU
		{5231F4D4-D3E6-47F1-838D-7EEDE40D13DA}.Debug|iPhoneSimulator.Build.0 = Debug|Any CPU
		{5231F4D4-D3E6-47F1-838D-7EEDE40D13DA}.Debug|iPhoneSimulator.Deploy.0 = Debug|Any CPU
		{5231F4D4-D3E6-47F1-838D-7EEDE40D13DA}.Debug|x64.ActiveCfg = Debug|x64
		{5231F4D4-D3E6-47F1-838D-7EEDE40D13DA}.Debug|x64.Build.0 = Debug|x64
		{5231F4D4-D3E6-47F1-838D-7EEDE40D13DA}.Debug|x64.Deploy.0 = Debug|x64
		{5231F4D4-D3E6-47F1-838D-7EEDE40D13DA}.Debug|x86.ActiveCfg = Debug|x86
		{5231F4D4-D3E6-47F1-838D-7EEDE40D13DA}.Debug|x86.Build.0 = Debug|x86
		{5231F4D4-D3E6-47F1-838D-7EEDE40D13DA}.Debug|x86.Deploy.0 = Debug|x86
		{5231F4D4-D3E6-47F1-838D-7EEDE40D13DA}.Release|Any CPU.ActiveCfg = Release|Any CPU
		{5231F4D4-D3E6-47F1-838D-7EEDE40D13DA}.Release|Any CPU.Build.0 = Release|Any CPU
		{5231F4D4-D3E6-47F1-838D-7EEDE40D13DA}.Release|Any CPU.Deploy.0 = Release|Any CPU
		{5231F4D4-D3E6-47F1-838D-7EEDE40D13DA}.Release|ARM.ActiveCfg = Release|ARM
		{5231F4D4-D3E6-47F1-838D-7EEDE40D13DA}.Release|ARM.Build.0 = Release|ARM
		{5231F4D4-D3E6-47F1-838D-7EEDE40D13DA}.Release|ARM.Deploy.0 = Release|ARM
		{5231F4D4-D3E6-47F1-838D-7EEDE40D13DA}.Release|iPhone.ActiveCfg = Release|Any CPU
		{5231F4D4-D3E6-47F1-838D-7EEDE40D13DA}.Release|iPhone.Build.0 = Release|Any CPU
		{5231F4D4-D3E6-47F1-838D-7EEDE40D13DA}.Release|iPhone.Deploy.0 = Release|Any CPU
		{5231F4D4-D3E6-47F1-838D-7EEDE40D13DA}.Release|iPhoneSimulator.ActiveCfg = Release|Any CPU
		{5231F4D4-D3E6-47F1-838D-7EEDE40D13DA}.Release|iPhoneSimulator.Build.0 = Release|Any CPU
		{5231F4D4-D3E6-47F1-838D-7EEDE40D13DA}.Release|iPhoneSimulator.Deploy.0 = Release|Any CPU
		{5231F4D4-D3E6-47F1-838D-7EEDE40D13DA}.Release|x64.ActiveCfg = Release|x64
		{5231F4D4-D3E6-47F1-838D-7EEDE40D13DA}.Release|x64.Build.0 = Release|x64
		{5231F4D4-D3E6-47F1-838D-7EEDE40D13DA}.Release|x64.Deploy.0 = Release|x64
		{5231F4D4-D3E6-47F1-838D-7EEDE40D13DA}.Release|x86.ActiveCfg = Release|x86
		{5231F4D4-D3E6-47F1-838D-7EEDE40D13DA}.Release|x86.Build.0 = Release|x86
		{5231F4D4-D3E6-47F1-838D-7EEDE40D13DA}.Release|x86.Deploy.0 = Release|x86
	EndGlobalSection
	GlobalSection(SolutionProperties) = preSolution
		HideSolutionNode = FALSE
	EndGlobalSection
EndGlobal
